
Microsoft Visual Studio Solution File, Format Version 12.00
# Visual Studio Version 16
VisualStudioVersion = 16.0.32510.428
MinimumVisualStudioVersion = 10.0.40219.1
Project("{FAE04EC0-301F-11D3-BF4B-00C04F79EFBC}") = "LibraryManagement", "LibraryManagement\LibraryManagement.csproj", "{7BDDF544-534B-438F-A2CB-F4782B332445}"
EndProject
Project("{FAE04EC0-301F-11D3-BF4B-00C04F79EFBC}") = "Database Layer", "Database Layer\Database Layer.csproj", "{A9AAB32C-6DF9-445B-B277-B4F2D348BD68}"
EndProject
Global
	GlobalSection(SolutionConfigurationPlatforms) = preSolution
		Debug|Any CPU = Debug|Any CPU
		Release|Any CPU = Release|Any CPU
	EndGlobalSection
	GlobalSection(ProjectConfigurationPlatforms) = postSolution
		{7BDDF544-534B-438F-A2CB-F4782B332445}.Debug|Any CPU.ActiveCfg = Debug|Any CPU
		{7BDDF544-534B-438F-A2CB-F4782B332445}.Debug|Any CPU.Build.0 = Debug|Any CPU
		{7BDDF544-534B-438F-A2CB-F4782B332445}.Release|Any CPU.ActiveCfg = Release|Any CPU
		{7BDDF544-534B-438F-A2CB-F4782B332445}.Release|Any CPU.Build.0 = Release|Any CPU
		{A9AAB32C-6DF9-445B-B277-B4F2D348BD68}.Debug|Any CPU.ActiveCfg = Debug|Any CPU
		{A9AAB32C-6DF9-445B-B277-B4F2D348BD68}.Debug|Any CPU.Build.0 = Debug|Any CPU
		{A9AAB32C-6DF9-445B-B277-B4F2D348BD68}.Release|Any CPU.ActiveCfg = Release|Any CPU
		{A9AAB32C-6DF9-445B-B277-B4F2D348BD68}.Release|Any CPU.Build.0 = Release|Any CPU
	EndGlobalSection
	GlobalSection(SolutionProperties) = preSolution
		HideSolutionNode = FALSE
	EndGlobalSection
	GlobalSection(ExtensibilityGlobals) = postSolution
		SolutionGuid = {AEF23A5A-813F-4E95-8941-627DCE1184EA}
	EndGlobalSection
EndGlobal
